
Microsoft Visual Studio Solution File, Format Version 12.00
# Visual Studio Version 16
VisualStudioVersion = 16.0.29306.81
MinimumVisualStudioVersion = 10.0.40219.1
Project("{FAE04EC0-301F-11D3-BF4B-00C04F79EFBC}") = "TadepalliS_ArrayEx04", "TadepalliS_ArrayEx04\TadepalliS_ArrayEx04.csproj", "{AEA74525-EF13-40A5-B7F6-542F0D5A5E7F}"
EndProject
Global
	GlobalSection(SolutionConfigurationPlatforms) = preSolution
		Debug|Any CPU = Debug|Any CPU
		Release|Any CPU = Release|Any CPU
	EndGlobalSection
	GlobalSection(ProjectConfigurationPlatforms) = postSolution
		{AEA74525-EF13-40A5-B7F6-542F0D5A5E7F}.Debug|Any CPU.ActiveCfg = Debug|Any CPU
		{AEA74525-EF13-40A5-B7F6-542F0D5A5E7F}.Debug|Any CPU.Build.0 = Debug|Any CPU
		{AEA74525-EF13-40A5-B7F6-542F0D5A5E7F}.Release|Any CPU.ActiveCfg = Release|Any CPU
		{AEA74525-EF13-40A5-B7F6-542F0D5A5E7F}.Release|Any CPU.Build.0 = Release|Any CPU
	EndGlobalSection
	GlobalSection(SolutionProperties) = preSolution
		HideSolutionNode = FALSE
	EndGlobalSection
	GlobalSection(ExtensibilityGlobals) = postSolution
		SolutionGuid = {E475C2B7-5B72-4EF9-9252-651CD5A9D00A}
	EndGlobalSection
EndGlobal
