
Microsoft Visual Studio Solution File, Format Version 12.00
# Visual Studio Version 16
VisualStudioVersion = 16.0.29215.179
MinimumVisualStudioVersion = 10.0.40219.1
Project("{FAE04EC0-301F-11D3-BF4B-00C04F79EFBC}") = "TadepalliS_IfEx01", "TadepalliS_IfEx01\TadepalliS_IfEx01.csproj", "{B3F29FD0-D66A-417F-A147-95AB7F3206E8}"
EndProject
Global
	GlobalSection(SolutionConfigurationPlatforms) = preSolution
		Debug|Any CPU = Debug|Any CPU
		Release|Any CPU = Release|Any CPU
	EndGlobalSection
	GlobalSection(ProjectConfigurationPlatforms) = postSolution
		{B3F29FD0-D66A-417F-A147-95AB7F3206E8}.Debug|Any CPU.ActiveCfg = Debug|Any CPU
		{B3F29FD0-D66A-417F-A147-95AB7F3206E8}.Debug|Any CPU.Build.0 = Debug|Any CPU
		{B3F29FD0-D66A-417F-A147-95AB7F3206E8}.Release|Any CPU.ActiveCfg = Release|Any CPU
		{B3F29FD0-D66A-417F-A147-95AB7F3206E8}.Release|Any CPU.Build.0 = Release|Any CPU
	EndGlobalSection
	GlobalSection(SolutionProperties) = preSolution
		HideSolutionNode = FALSE
	EndGlobalSection
	GlobalSection(ExtensibilityGlobals) = postSolution
		SolutionGuid = {B9ABE4C1-1599-4B64-92C2-1D244F6BB2E2}
	EndGlobalSection
EndGlobal
