
Microsoft Visual Studio Solution File, Format Version 12.00
# Visual Studio Version 16
VisualStudioVersion = 16.0.29306.81
MinimumVisualStudioVersion = 10.0.40219.1
Project("{FAE04EC0-301F-11D3-BF4B-00C04F79EFBC}") = "TadepalliS_ForLoopEx03", "TadepalliS_ForLoopEx03\TadepalliS_ForLoopEx03.csproj", "{94DF81C1-6D7C-42C4-BC62-FB6572710089}"
EndProject
Global
	GlobalSection(SolutionConfigurationPlatforms) = preSolution
		Debug|Any CPU = Debug|Any CPU
		Release|Any CPU = Release|Any CPU
	EndGlobalSection
	GlobalSection(ProjectConfigurationPlatforms) = postSolution
		{94DF81C1-6D7C-42C4-BC62-FB6572710089}.Debug|Any CPU.ActiveCfg = Debug|Any CPU
		{94DF81C1-6D7C-42C4-BC62-FB6572710089}.Debug|Any CPU.Build.0 = Debug|Any CPU
		{94DF81C1-6D7C-42C4-BC62-FB6572710089}.Release|Any CPU.ActiveCfg = Release|Any CPU
		{94DF81C1-6D7C-42C4-BC62-FB6572710089}.Release|Any CPU.Build.0 = Release|Any CPU
	EndGlobalSection
	GlobalSection(SolutionProperties) = preSolution
		HideSolutionNode = FALSE
	EndGlobalSection
	GlobalSection(ExtensibilityGlobals) = postSolution
		SolutionGuid = {952CE817-A779-47F3-B1F6-E25C083873F4}
	EndGlobalSection
EndGlobal
