
Microsoft Visual Studio Solution File, Format Version 12.00
# Visual Studio Version 16
VisualStudioVersion = 16.0.29418.71
MinimumVisualStudioVersion = 10.0.40219.1
Project("{FAE04EC0-301F-11D3-BF4B-00C04F79EFBC}") = "TadepalliS_ NumberPalindrome", "..\TadepalliS_ NumberPalindrome\TadepalliS_ NumberPalindrome\TadepalliS_ NumberPalindrome.csproj", "{AF2129FC-9FF9-4BE4-827A-94C49FE7B1AE}"
EndProject
Global
	GlobalSection(SolutionConfigurationPlatforms) = preSolution
		Debug|Any CPU = Debug|Any CPU
		Release|Any CPU = Release|Any CPU
	EndGlobalSection
	GlobalSection(ProjectConfigurationPlatforms) = postSolution
		{AF2129FC-9FF9-4BE4-827A-94C49FE7B1AE}.Debug|Any CPU.ActiveCfg = Debug|Any CPU
		{AF2129FC-9FF9-4BE4-827A-94C49FE7B1AE}.Debug|Any CPU.Build.0 = Debug|Any CPU
		{AF2129FC-9FF9-4BE4-827A-94C49FE7B1AE}.Release|Any CPU.ActiveCfg = Release|Any CPU
		{AF2129FC-9FF9-4BE4-827A-94C49FE7B1AE}.Release|Any CPU.Build.0 = Release|Any CPU
	EndGlobalSection
	GlobalSection(SolutionProperties) = preSolution
		HideSolutionNode = FALSE
	EndGlobalSection
	GlobalSection(ExtensibilityGlobals) = postSolution
		SolutionGuid = {5128CB80-E6F1-48FB-85BE-4C21435EFF82}
	EndGlobalSection
EndGlobal
