
Microsoft Visual Studio Solution File, Format Version 12.00
# Visual Studio Version 16
VisualStudioVersion = 16.0.29215.179
MinimumVisualStudioVersion = 10.0.40219.1
Project("{FAE04EC0-301F-11D3-BF4B-00C04F79EFBC}") = "TadepalliS_ConsoleEx03PowerBarSale", "TadepalliS_ConsoleEx03PowerBarSale\TadepalliS_ConsoleEx03PowerBarSale.csproj", "{FD8B682E-175E-4033-8251-4BEC566F2F04}"
EndProject
Global
	GlobalSection(SolutionConfigurationPlatforms) = preSolution
		Debug|Any CPU = Debug|Any CPU
		Release|Any CPU = Release|Any CPU
	EndGlobalSection
	GlobalSection(ProjectConfigurationPlatforms) = postSolution
		{FD8B682E-175E-4033-8251-4BEC566F2F04}.Debug|Any CPU.ActiveCfg = Debug|Any CPU
		{FD8B682E-175E-4033-8251-4BEC566F2F04}.Debug|Any CPU.Build.0 = Debug|Any CPU
		{FD8B682E-175E-4033-8251-4BEC566F2F04}.Release|Any CPU.ActiveCfg = Release|Any CPU
		{FD8B682E-175E-4033-8251-4BEC566F2F04}.Release|Any CPU.Build.0 = Release|Any CPU
	EndGlobalSection
	GlobalSection(SolutionProperties) = preSolution
		HideSolutionNode = FALSE
	EndGlobalSection
	GlobalSection(ExtensibilityGlobals) = postSolution
		SolutionGuid = {8BC6F91E-8425-401A-9071-448703944C4A}
	EndGlobalSection
EndGlobal
