
Microsoft Visual Studio Solution File, Format Version 12.00
# Visual Studio Version 16
VisualStudioVersion = 16.0.29215.179
MinimumVisualStudioVersion = 10.0.40219.1
Project("{FAE04EC0-301F-11D3-BF4B-00C04F79EFBC}") = "TadepalliS_ConsoleEx02MilkCartons", "TadepalliS_ConsoleEx02MilkCartons\TadepalliS_ConsoleEx02MilkCartons.csproj", "{C7503DC2-4EB0-453A-9120-F8C3E542040A}"
EndProject
Global
	GlobalSection(SolutionConfigurationPlatforms) = preSolution
		Debug|Any CPU = Debug|Any CPU
		Release|Any CPU = Release|Any CPU
	EndGlobalSection
	GlobalSection(ProjectConfigurationPlatforms) = postSolution
		{C7503DC2-4EB0-453A-9120-F8C3E542040A}.Debug|Any CPU.ActiveCfg = Debug|Any CPU
		{C7503DC2-4EB0-453A-9120-F8C3E542040A}.Debug|Any CPU.Build.0 = Debug|Any CPU
		{C7503DC2-4EB0-453A-9120-F8C3E542040A}.Release|Any CPU.ActiveCfg = Release|Any CPU
		{C7503DC2-4EB0-453A-9120-F8C3E542040A}.Release|Any CPU.Build.0 = Release|Any CPU
	EndGlobalSection
	GlobalSection(SolutionProperties) = preSolution
		HideSolutionNode = FALSE
	EndGlobalSection
	GlobalSection(ExtensibilityGlobals) = postSolution
		SolutionGuid = {1E88CB01-5673-48A5-A1FD-894F20C04D02}
	EndGlobalSection
EndGlobal
